
Microsoft Visual Studio Solution File, Format Version 12.00
# Visual Studio Version 16
VisualStudioVersion = 16.0.31112.23
MinimumVisualStudioVersion = 10.0.40219.1
Project("{FAE04EC0-301F-11D3-BF4B-00C04F79EFBC}") = "BlazorUI", "BlazorUI.csproj", "{D4D74F37-A79B-431A-9DC5-173F3BA0D002}"
EndProject
Project("{FAE04EC0-301F-11D3-BF4B-00C04F79EFBC}") = "DataAccessLibrary", "..\DataAccessLibrary\DataAccessLibrary.csproj", "{22EA7B5C-A00A-42A3-88A5-75116DCC45DF}"
EndProject
Project("{FAE04EC0-301F-11D3-BF4B-00C04F79EFBC}") = "DemoWebAPI", "..\DemoWebAPI\DemoWebAPI.csproj", "{62F3357A-9D68-42A9-855F-E4F049B8A743}"
EndProject
Global
	GlobalSection(SolutionConfigurationPlatforms) = preSolution
		Debug|Any CPU = Debug|Any CPU
		Release|Any CPU = Release|Any CPU
	EndGlobalSection
	GlobalSection(ProjectConfigurationPlatforms) = postSolution
		{D4D74F37-A79B-431A-9DC5-173F3BA0D002}.Debug|Any CPU.ActiveCfg = Debug|Any CPU
		{D4D74F37-A79B-431A-9DC5-173F3BA0D002}.Debug|Any CPU.Build.0 = Debug|Any CPU
		{D4D74F37-A79B-431A-9DC5-173F3BA0D002}.Release|Any CPU.ActiveCfg = Release|Any CPU
		{D4D74F37-A79B-431A-9DC5-173F3BA0D002}.Release|Any CPU.Build.0 = Release|Any CPU
		{22EA7B5C-A00A-42A3-88A5-75116DCC45DF}.Debug|Any CPU.ActiveCfg = Debug|Any CPU
		{22EA7B5C-A00A-42A3-88A5-75116DCC45DF}.Debug|Any CPU.Build.0 = Debug|Any CPU
		{22EA7B5C-A00A-42A3-88A5-75116DCC45DF}.Release|Any CPU.ActiveCfg = Release|Any CPU
		{22EA7B5C-A00A-42A3-88A5-75116DCC45DF}.Release|Any CPU.Build.0 = Release|Any CPU
		{62F3357A-9D68-42A9-855F-E4F049B8A743}.Debug|Any CPU.ActiveCfg = Debug|Any CPU
		{62F3357A-9D68-42A9-855F-E4F049B8A743}.Debug|Any CPU.Build.0 = Debug|Any CPU
		{62F3357A-9D68-42A9-855F-E4F049B8A743}.Release|Any CPU.ActiveCfg = Release|Any CPU
		{62F3357A-9D68-42A9-855F-E4F049B8A743}.Release|Any CPU.Build.0 = Release|Any CPU
	EndGlobalSection
	GlobalSection(SolutionProperties) = preSolution
		HideSolutionNode = FALSE
	EndGlobalSection
	GlobalSection(ExtensibilityGlobals) = postSolution
		SolutionGuid = {3AAB0AA4-970A-4407-9F42-0CFDA9A0DDC0}
	EndGlobalSection
EndGlobal
